<?xml version="1.0" encoding="utf-8"?>
<Project ToolsVersion="4.0" xmlns="http://schemas.microsoft.com/developer/msbuild/2003">
  <ItemGroup>
    <Filter Include="Source">
      <UniqueIdentifier>{4FC737F1-C7A5-4376-A066-2A32D752A2FF}</UniqueIdentifier>
      <Extensions>cpp;c;cc;cxx;def;odl;idl;hpj;bat;asm;asmx</Extensions>
    </Filter>
    <Filter Include="Source\Managers">
      <UniqueIdentifier>{961fd7fc-2da9-48fe-aca3-ab782033a806}</UniqueIdentifier>
    </Filter>
    <Filter Include="Source\Entity">
      <UniqueIdentifier>{2f8a5866-3113-4cff-9ee9-383d6793b237}</UniqueIdentifier>
    </Filter>
    <Filter Include="Source\Data">
      <UniqueIdentifier>{fe01fc03-b9e2-4ba0-9767-7b20f3793fcd}</UniqueIdentifier>
    </Filter>
    <Filter Include="Source\Systems">
      <UniqueIdentifier>{e57bf39a-287e-40ff-9d25-6e22b9ad4ce4}</UniqueIdentifier>
    </Filter>
    <Filter Include="Source\Batch">
      <UniqueIdentifier>{bcf7b205-eb80-432b-97ae-d72bb14b4d07}</UniqueIdentifier>
    </Filter>
    <Filter Include="Source\Events">
      <UniqueIdentifier>{86b64153-594e-42cb-abb6-0eff3835c6af}</UniqueIdentifier>
    </Filter>
    <Filter Include="Source\Commander %28redo/undo, save/load%29">
      <UniqueIdentifier>{4dc9ad30-ce9a-4a1e-b262-d2e5cc4a48de}</UniqueIdentifier>
    </Filter>
    <Filter Include="Source\Math">
      <UniqueIdentifier>{23325fda-77e7-402e-b224-abe9d308372a}</UniqueIdentifier>
    </Filter>
    <Filter Include="Source\Util">
      <UniqueIdentifier>{d0215337-035a-4c67-ba46-4aefedc100ce}</UniqueIdentifier>
    </Filter>
  </ItemGroup>
  <ItemGroup>
    <ClCompile Include="Entity.cpp">
      <Filter>Source\Entity</Filter>
    </ClCompile>
    <ClCompile Include="Manager_Data.cpp">
      <Filter>Source\Managers</Filter>
    </ClCompile>
    <ClCompile Include="Manager_Entity.cpp">
      <Filter>Source\Managers</Filter>
    </ClCompile>
    <ClCompile Include="World.cpp">
      <Filter>Source</Filter>
    </ClCompile>
    <ClCompile Include="EventManager.cpp">
      <Filter>Source\Events</Filter>
    </ClCompile>
    <ClCompile Include="Events.cpp">
      <Filter>Source\Events</Filter>
    </ClCompile>
    <ClCompile Include="Command.cpp">
      <Filter>Source\Commander %28redo/undo, save/load%29</Filter>
    </ClCompile>
    <ClCompile Include="Command_ChangeBackBufferColor.cpp">
      <Filter>Source\Commander %28redo/undo, save/load%29</Filter>
    </ClCompile>
    <ClCompile Include="Commander.cpp">
      <Filter>Source\Commander %28redo/undo, save/load%29</Filter>
    </ClCompile>
    <ClCompile Include="Serializable.cpp">
      <Filter>Source\Commander %28redo/undo, save/load%29</Filter>
    </ClCompile>
    <ClCompile Include="Settings.cpp">
      <Filter>Source</Filter>
    </ClCompile>
    <ClCompile Include="Math.cpp">
      <Filter>Source\Math</Filter>
    </ClCompile>
    <ClCompile Include="stdafx.cpp">
      <Filter>Source</Filter>
    </ClCompile>
    <ClCompile Include="Factory_Entity.cpp">
      <Filter>Source\Entity</Filter>
    </ClCompile>
    <ClCompile Include="Manager_Systems.cpp">
      <Filter>Source\Managers</Filter>
    </ClCompile>
    <ClCompile Include="DataMapper.cpp">
      <Filter>Source\Data</Filter>
    </ClCompile>
    <ClCompile Include="System_Input.cpp">
      <Filter>Source\Systems</Filter>
    </ClCompile>
    <ClCompile Include="Command_TranslateSceneEntity.cpp">
      <Filter>Source\Commander %28redo/undo, save/load%29</Filter>
    </ClCompile>
    <ClCompile Include="EntityPointer.cpp">
      <Filter>Source\Entity</Filter>
    </ClCompile>
    <ClCompile Include="Data.cpp">
      <Filter>Source\Data</Filter>
    </ClCompile>
    <ClCompile Include="Converter.cpp">
      <Filter>Source\Util</Filter>
    </ClCompile>
    <ClCompile Include="xnacollision.cpp">
      <Filter>Source\Util</Filter>
    </ClCompile>
    <ClCompile Include="Data_Camera.cpp">
      <Filter>Source\Data</Filter>
    </ClCompile>
  </ItemGroup>
  <ItemGroup>
    <ClInclude Include="World.h">
      <Filter>Source</Filter>
    </ClInclude>
    <ClInclude Include="Data.h">
      <Filter>Source\Data</Filter>
    </ClInclude>
    <ClInclude Include="Manager_Data.h">
      <Filter>Source\Managers</Filter>
    </ClInclude>
    <ClInclude Include="IData.h">
      <Filter>Source\Data</Filter>
    </ClInclude>
    <ClInclude Include="Entity.h">
      <Filter>Source\Entity</Filter>
    </ClInclude>
    <ClInclude Include="Manager_Entity.h">
      <Filter>Source\Managers</Filter>
    </ClInclude>
    <ClInclude Include="ISystem.h">
      <Filter>Source\Systems</Filter>
    </ClInclude>
    <ClInclude Include="System.h">
      <Filter>Source\Systems</Filter>
    </ClInclude>
    <ClInclude Include="Manager_Systems.h">
      <Filter>Source\Managers</Filter>
    </ClInclude>
    <ClInclude Include="Init_DataMapper.h">
      <Filter>Source\Data</Filter>
    </ClInclude>
    <ClInclude Include="DataBatch.h">
      <Filter>Source\Batch</Filter>
    </ClInclude>
    <ClInclude Include="Batch.h">
      <Filter>Source\Batch</Filter>
    </ClInclude>
    <ClInclude Include="Settings.h">
      <Filter>Source</Filter>
    </ClInclude>
    <ClInclude Include="EventManager.h">
      <Filter>Source\Events</Filter>
    </ClInclude>
    <ClInclude Include="IObserver.h">
      <Filter>Source\Events</Filter>
    </ClInclude>
    <ClInclude Include="Events.h">
      <Filter>Source\Events</Filter>
    </ClInclude>
    <ClInclude Include="Command.h">
      <Filter>Source\Commander %28redo/undo, save/load%29</Filter>
    </ClInclude>
    <ClInclude Include="Command_ChangeBackBufferColor.h">
      <Filter>Source\Commander %28redo/undo, save/load%29</Filter>
    </ClInclude>
    <ClInclude Include="Commander.h">
      <Filter>Source\Commander %28redo/undo, save/load%29</Filter>
    </ClInclude>
    <ClInclude Include="Serializable.h">
      <Filter>Source\Commander %28redo/undo, save/load%29</Filter>
    </ClInclude>
    <ClInclude Include="SimpleMath.h">
      <Filter>Source\Math</Filter>
    </ClInclude>
    <ClInclude Include="Math.h">
      <Filter>Source\Math</Filter>
    </ClInclude>
    <ClInclude Include="stdafx.h">
      <Filter>Source</Filter>
    </ClInclude>
    <ClInclude Include="Factory_Entity.h">
      <Filter>Source\Entity</Filter>
    </ClInclude>
    <ClInclude Include="Data_Camera.h">
      <Filter>Source\Data</Filter>
    </ClInclude>
    <ClInclude Include="DataMapper.h">
      <Filter>Source\Data</Filter>
    </ClInclude>
    <ClInclude Include="System_Input.h">
      <Filter>Source\Systems</Filter>
    </ClInclude>
    <ClInclude Include="Command_TranslateSceneEntity.h">
      <Filter>Source\Commander %28redo/undo, save/load%29</Filter>
    </ClInclude>
    <ClInclude Include="BatchPointer.h">
      <Filter>Source\Batch</Filter>
    </ClInclude>
    <ClInclude Include="EntityPointer.h">
      <Filter>Source\Entity</Filter>
    </ClInclude>
    <ClInclude Include="Converter.h">
      <Filter>Source\Util</Filter>
    </ClInclude>
    <ClInclude Include="Enums.h">
      <Filter>Source</Filter>
    </ClInclude>
    <ClInclude Include="xnacollision.h">
      <Filter>Source\Util</Filter>
    </ClInclude>
  </ItemGroup>
  <ItemGroup>
    <None Include="SimpleMath.inl">
      <Filter>Source\Math</Filter>
    </None>
  </ItemGroup>
</Project>