<?xml version="1.0" encoding="utf-8"?>
<Project ToolsVersion="4.0" xmlns="http://schemas.microsoft.com/developer/msbuild/2003">
  <ItemGroup>
    <ClCompile Include="DDSTextureLoader.cpp" />
    <ClCompile Include="DXRenderer.cpp" />
    <ClCompile Include="GeometryGenerator.cpp" />
    <ClCompile Include="Handle_RotationCircle.cpp" />
    <ClCompile Include="Handle_RotationPlane.cpp" />
    <ClCompile Include="Handle_RotationSphere.cpp" />
    <ClCompile Include="Handle_ScalingAxis.cpp" />
    <ClCompile Include="Handle_ScalingPlane.cpp" />
    <ClCompile Include="Handle_TranslationAxis.cpp" />
    <ClCompile Include="Handle_TranslationPlane.cpp" />
    <ClCompile Include="Manager_3DTools.cpp" />
    <ClCompile Include="RenderStates.cpp" />
    <ClCompile Include="Buffer.cpp" />
    <ClCompile Include="Sky.cpp" />
    <ClCompile Include="stdafx.cpp" />
    <ClCompile Include="System_Render.cpp" />
    <ClCompile Include="TexLoader.cpp" />
    <ClCompile Include="Tool_Rotation.cpp" />
    <ClCompile Include="Tool_Scaling.cpp" />
    <ClCompile Include="Tool_Selection.cpp" />
    <ClCompile Include="Tool_Translation.cpp" />
    <ClCompile Include="Vertex.cpp" />
    <ClCompile Include="xnacollision.cpp" />
    <ClCompile Include="Handle_CamViewPlane.cpp" />
    <ClCompile Include="Handle_OmniDimensionalScaling.cpp" />
  </ItemGroup>
  <ItemGroup>
    <ClInclude Include="Box.h" />
    <ClInclude Include="DDSTextureLoader.h" />
    <ClInclude Include="DXRenderer.h" />
    <ClInclude Include="Factory_Geometry.h" />
    <ClInclude Include="GeometryGenerator.h" />
    <ClInclude Include="Handle_RotationCircle.h" />
    <ClInclude Include="Handle_RotationPlane.h" />
    <ClInclude Include="Handle_RotationSphere.h" />
    <ClInclude Include="Handle_ScalingAxis.h" />
    <ClInclude Include="Handle_ScalingPlane.h" />
    <ClInclude Include="Handle_TranslationAxis.h" />
    <ClInclude Include="Handle_TranslationPlane.h" />
    <ClInclude Include="Buffer.h" />
    <ClInclude Include="IHandle.h" />
    <ClInclude Include="ITool_Transformation.h" />
    <ClInclude Include="Manager_3DTools.h" />
    <ClInclude Include="Manager_Shader.h" />
    <ClInclude Include="RenderStates.h" />
    <ClInclude Include="Sky.h" />
    <ClInclude Include="stdafx.h" />
    <ClInclude Include="System_Render.h" />
    <ClInclude Include="Terrain.h" />
    <ClInclude Include="TexLoader.h" />
    <ClInclude Include="Tool_Rotation.h" />
    <ClInclude Include="Tool_Scaling.h" />
    <ClInclude Include="Tool_Selection.h" />
    <ClInclude Include="Tool_Translation.h" />
    <ClInclude Include="Vertex.h" />
    <ClInclude Include="xnacollision.h" />
    <ClInclude Include="Handle_CamViewPlane.h" />
    <ClInclude Include="Handle_OmniDimensionalScaling.h" />
  </ItemGroup>
</Project>