<?xml version="1.0" encoding="utf-8"?>
<Project ToolsVersion="4.0" xmlns="http://schemas.microsoft.com/developer/msbuild/2003">
  <ItemGroup>
    <Filter Include="Source">
      <UniqueIdentifier>{4FC737F1-C7A5-4376-A066-2A32D752A2FF}</UniqueIdentifier>
      <Extensions>cpp;c;cc;cxx;def;odl;idl;hpj;bat;asm;asmx</Extensions>
    </Filter>
    <Filter Include="Source\Tools">
      <UniqueIdentifier>{582e4d94-26d5-412e-bfc2-aa9e4ed7584d}</UniqueIdentifier>
    </Filter>
  </ItemGroup>
  <ItemGroup>
    <ClInclude Include="System_Render.h">
      <Filter>Source</Filter>
    </ClInclude>
    <ClInclude Include="DXRenderer.h">
      <Filter>Source</Filter>
    </ClInclude>
    <ClInclude Include="Box.h">
      <Filter>Source</Filter>
    </ClInclude>
    <ClInclude Include="Vertex.h">
      <Filter>Source</Filter>
    </ClInclude>
    <ClInclude Include="stdafx.h">
      <Filter>Source</Filter>
    </ClInclude>
    <ClInclude Include="Handle_RotationSphere.h">
      <Filter>Source\Tools</Filter>
    </ClInclude>
    <ClInclude Include="Handle_TranslationAxis.h">
      <Filter>Source\Tools</Filter>
    </ClInclude>
    <ClInclude Include="Handle_TranslationPlane.h">
      <Filter>Source\Tools</Filter>
    </ClInclude>
    <ClInclude Include="IHandle.h">
      <Filter>Source\Tools</Filter>
    </ClInclude>
    <ClInclude Include="ITool_Transformation.h">
      <Filter>Source\Tools</Filter>
    </ClInclude>
    <ClInclude Include="Tool_Selection.h">
      <Filter>Source\Tools</Filter>
    </ClInclude>
    <ClInclude Include="Tool_Translation.h">
      <Filter>Source\Tools</Filter>
    </ClInclude>
    <ClInclude Include="Tool_Rotation.h">
      <Filter>Source\Tools</Filter>
    </ClInclude>
    <ClInclude Include="Tool_Scaling.h">
      <Filter>Source\Tools</Filter>
    </ClInclude>
  </ItemGroup>
  <ItemGroup>
    <ClCompile Include="System_Render.cpp">
      <Filter>Source</Filter>
    </ClCompile>
    <ClCompile Include="DXRenderer.cpp">
      <Filter>Source</Filter>
    </ClCompile>
    <ClCompile Include="stdafx.cpp">
      <Filter>Source</Filter>
    </ClCompile>
    <ClCompile Include="Handle_RotationSphere.cpp">
      <Filter>Source\Tools</Filter>
    </ClCompile>
    <ClCompile Include="Handle_TranslationAxis.cpp">
      <Filter>Source\Tools</Filter>
    </ClCompile>
    <ClCompile Include="Handle_TranslationPlane.cpp">
      <Filter>Source\Tools</Filter>
    </ClCompile>
    <ClCompile Include="Tool_Selection.cpp">
      <Filter>Source\Tools</Filter>
    </ClCompile>
    <ClCompile Include="Tool_Translation.cpp">
      <Filter>Source\Tools</Filter>
    </ClCompile>
    <ClCompile Include="Tool_Rotation.cpp">
      <Filter>Source\Tools</Filter>
    </ClCompile>
    <ClCompile Include="Tool_Scaling.cpp">
      <Filter>Source\Tools</Filter>
    </ClCompile>
  </ItemGroup>
</Project>